
Microsoft Visual Studio Solution File, Format Version 12.00
# Visual Studio Version 16
VisualStudioVersion = 16.0.30104.148
MinimumVisualStudioVersion = 10.0.40219.1
Project("{FAE04EC0-301F-11D3-BF4B-00C04F79EFBC}") = "PryHelpDesk01", "PryHelpDesk01\PryHelpDesk01.csproj", "{48FCA854-F984-44E8-BB0A-477679ED12C4}"
EndProject
Project("{FAE04EC0-301F-11D3-BF4B-00C04F79EFBC}") = "AccesoDatos", "AccesoDatos\AccesoDatos.csproj", "{F81F2273-9065-40FB-B887-C1ABF3F31829}"
EndProject
Project("{FAE04EC0-301F-11D3-BF4B-00C04F79EFBC}") = "LogicaNegocios", "LogicaNegocios\LogicaNegocios.csproj", "{62D04424-2508-4D2F-A7C9-38121F2BDC36}"
EndProject
Project("{FAE04EC0-301F-11D3-BF4B-00C04F79EFBC}") = "WindowsServiceCorreo", "WindowsServiceCorreo\WindowsServiceCorreo.csproj", "{A605D931-5CB3-48BA-94F5-592FA2D7528E}"
EndProject
Project("{FAE04EC0-301F-11D3-BF4B-00C04F79EFBC}") = "API.HELPDESK", "API.HELPDESK\API.HELPDESK.csproj", "{F6B92ADB-5688-427B-B653-B19310E448DF}"
EndProject
Global
	GlobalSection(SolutionConfigurationPlatforms) = preSolution
		Debug|Any CPU = Debug|Any CPU
		Release|Any CPU = Release|Any CPU
	EndGlobalSection
	GlobalSection(ProjectConfigurationPlatforms) = postSolution
		{48FCA854-F984-44E8-BB0A-477679ED12C4}.Debug|Any CPU.ActiveCfg = Debug|Any CPU
		{48FCA854-F984-44E8-BB0A-477679ED12C4}.Debug|Any CPU.Build.0 = Debug|Any CPU
		{48FCA854-F984-44E8-BB0A-477679ED12C4}.Release|Any CPU.ActiveCfg = Release|Any CPU
		{48FCA854-F984-44E8-BB0A-477679ED12C4}.Release|Any CPU.Build.0 = Release|Any CPU
		{F81F2273-9065-40FB-B887-C1ABF3F31829}.Debug|Any CPU.ActiveCfg = Debug|Any CPU
		{F81F2273-9065-40FB-B887-C1ABF3F31829}.Debug|Any CPU.Build.0 = Debug|Any CPU
		{F81F2273-9065-40FB-B887-C1ABF3F31829}.Release|Any CPU.ActiveCfg = Release|Any CPU
		{F81F2273-9065-40FB-B887-C1ABF3F31829}.Release|Any CPU.Build.0 = Release|Any CPU
		{62D04424-2508-4D2F-A7C9-38121F2BDC36}.Debug|Any CPU.ActiveCfg = Debug|Any CPU
		{62D04424-2508-4D2F-A7C9-38121F2BDC36}.Debug|Any CPU.Build.0 = Debug|Any CPU
		{62D04424-2508-4D2F-A7C9-38121F2BDC36}.Release|Any CPU.ActiveCfg = Release|Any CPU
		{62D04424-2508-4D2F-A7C9-38121F2BDC36}.Release|Any CPU.Build.0 = Release|Any CPU
		{A605D931-5CB3-48BA-94F5-592FA2D7528E}.Debug|Any CPU.ActiveCfg = Debug|Any CPU
		{A605D931-5CB3-48BA-94F5-592FA2D7528E}.Debug|Any CPU.Build.0 = Debug|Any CPU
		{A605D931-5CB3-48BA-94F5-592FA2D7528E}.Release|Any CPU.ActiveCfg = Release|Any CPU
		{A605D931-5CB3-48BA-94F5-592FA2D7528E}.Release|Any CPU.Build.0 = Release|Any CPU
		{F6B92ADB-5688-427B-B653-B19310E448DF}.Debug|Any CPU.ActiveCfg = Debug|Any CPU
		{F6B92ADB-5688-427B-B653-B19310E448DF}.Debug|Any CPU.Build.0 = Debug|Any CPU
		{F6B92ADB-5688-427B-B653-B19310E448DF}.Release|Any CPU.ActiveCfg = Release|Any CPU
		{F6B92ADB-5688-427B-B653-B19310E448DF}.Release|Any CPU.Build.0 = Release|Any CPU
	EndGlobalSection
	GlobalSection(SolutionProperties) = preSolution
		HideSolutionNode = FALSE
	EndGlobalSection
	GlobalSection(ExtensibilityGlobals) = postSolution
		SolutionGuid = {D1EFAFF7-3482-4309-9812-61D3D46793AA}
	EndGlobalSection
EndGlobal
